
Microsoft Visual Studio Solution File, Format Version 12.00
# Visual Studio Version 17
VisualStudioVersion = 17.2.32630.192
MinimumVisualStudioVersion = 10.0.40219.1
Project("{FAE04EC0-301F-11D3-BF4B-00C04F79EFBC}") = "CLMRout", "CLMRout\CLMRout.csproj", "{9261254A-8DF8-4D85-9210-BB0861D9A974}"
EndProject
Global
	GlobalSection(SolutionConfigurationPlatforms) = preSolution
		Debug|Any CPU = Debug|Any CPU
		Release|Any CPU = Release|Any CPU
	EndGlobalSection
	GlobalSection(ProjectConfigurationPlatforms) = postSolution
		{9261254A-8DF8-4D85-9210-BB0861D9A974}.Debug|Any CPU.ActiveCfg = Debug|Any CPU
		{9261254A-8DF8-4D85-9210-BB0861D9A974}.Debug|Any CPU.Build.0 = Debug|Any CPU
		{9261254A-8DF8-4D85-9210-BB0861D9A974}.Release|Any CPU.ActiveCfg = Release|Any CPU
		{9261254A-8DF8-4D85-9210-BB0861D9A974}.Release|Any CPU.Build.0 = Release|Any CPU
	EndGlobalSection
	GlobalSection(SolutionProperties) = preSolution
		HideSolutionNode = FALSE
	EndGlobalSection
	GlobalSection(ExtensibilityGlobals) = postSolution
		SolutionGuid = {94B60444-00FD-47FB-B261-01BB7F4CDD5D}
	EndGlobalSection
EndGlobal
